PODS:
  - AppAuth (1.6.0):
    - AppAuth/Core (= 1.6.0)
    - AppAuth/ExternalUserAgent (= 1.6.0)
  - AppAuth/Core (1.6.0)
  - AppAuth/ExternalUserAgent (1.6.0):
    - AppAuth/Core
  - boost (1.76.0)
  - CocoaAsyncSocket (7.6.5)
  - DoubleConversion (1.1.6)
  - FBLazyVector (0.68.6)
  - FBReactNativeSpec (0.68.6):
    - RCT-Folly (= 2021.06.28.00-v2)
    - RCTRequired (= 0.68.6)
    - RCTTypeSafety (= 0.68.6)
    - React-Core (= 0.68.6)
    - React-jsi (= 0.68.6)
    - ReactCommon/turbomodule/core (= 0.68.6)
  - FBSDKCoreKit (8.2.0):
    - FBSDKCoreKit/Basics (= 8.2.0)
    - FBSDKCoreKit/Core (= 8.2.0)
  - FBSDKCoreKit/Basics (8.2.0)
  - FBSDKCoreKit/Core (8.2.0):
    - FBSDKCoreKit/Basics
  - FBSDKLoginKit (8.2.0):
    - FBSDKLoginKit/Login (= 8.2.0)
  - FBSDKLoginKit/Login (8.2.0):
    - FBSDKCoreKit (~> 8.2.0)
  - FBSDKShareKit (8.2.0):
    - FBSDKShareKit/Share (= 8.2.0)
  - FBSDKShareKit/Share (8.2.0):
    - FBSDKCoreKit (~> 8.2.0)
  - Flipper (0.125.0):
    - Flipper-Folly (~> 2.6)
    - Flipper-RSocket (~> 1.4)
  - Flipper-Boost-iOSX (1.76.0.1.11)
  - Flipper-DoubleConversion (1.1.7)
  - Flipper-Fmt (7.1.7)
  - Flipper-Folly (2.6.10):
    - Flipper-Boost-iOSX
    - Flipper-DoubleConversion
    - Flipper-Fmt (= 7.1.7)
    - Flipper-Glog
    - libevent (~> 2.1.12)
    - OpenSSL-Universal (= 1.1.1100)
  - Flipper-Glog (0.5.0.4)
  - Flipper-PeerTalk (0.0.4)
  - Flipper-RSocket (1.4.3):
    - Flipper-Folly (~> 2.6)
  - FlipperKit (0.125.0):
    - FlipperKit/Core (= 0.125.0)
  - FlipperKit/Core (0.125.0):
    - Flipper (~> 0.125.0)
    - FlipperKit/CppBridge
    - FlipperKit/FBCxxFollyDynamicConvert
    - FlipperKit/FBDefines
    - FlipperKit/FKPortForwarding
    - SocketRocket (~> 0.6.0)
  - FlipperKit/CppBridge (0.125.0):
    - Flipper (~> 0.125.0)
  - FlipperKit/FBCxxFollyDynamicConvert (0.125.0):
    - Flipper-Folly (~> 2.6)
  - FlipperKit/FBDefines (0.125.0)
  - FlipperKit/FKPortForwarding (0.125.0):
    - CocoaAsyncSocket (~> 7.6)
    - Flipper-PeerTalk (~> 0.0.4)
  - FlipperKit/FlipperKitHighlightOverlay (0.125.0)
  - FlipperKit/FlipperKitLayoutHelpers (0.125.0):
    - FlipperKit/Core
    - FlipperKit/FlipperKitHighlightOverlay
    - FlipperKit/FlipperKitLayoutTextSearchable
  - FlipperKit/FlipperKitLayoutIOSDescriptors (0.125.0):
    - FlipperKit/Core
    - FlipperKit/FlipperKitHighlightOverlay
    - FlipperKit/FlipperKitLayoutHelpers
    - YogaKit (~> 1.18)
  - FlipperKit/FlipperKitLayoutPlugin (0.125.0):
    - FlipperKit/Core
    - FlipperKit/FlipperKitHighlightOverlay
    - FlipperKit/FlipperKitLayoutHelpers
    - FlipperKit/FlipperKitLayoutIOSDescriptors
    - FlipperKit/FlipperKitLayoutTextSearchable
    - YogaKit (~> 1.18)
  - FlipperKit/FlipperKitLayoutTextSearchable (0.125.0)
  - FlipperKit/FlipperKitNetworkPlugin (0.125.0):
    - FlipperKit/Core
  - FlipperKit/FlipperKitReactPlugin (0.125.0):
    - FlipperKit/Core
  - FlipperKit/FlipperKitUserDefaultsPlugin (0.125.0):
    - FlipperKit/Core
  - FlipperKit/SKIOSNetworkPlugin (0.125.0):
    - FlipperKit/Core
    - FlipperKit/FlipperKitNetworkPlugin
  - fmt (6.2.1)
  - glog (0.3.5)
  - GoogleSignIn (5.0.2):
    - AppAuth (~> 1.2)
    - GTMAppAuth (~> 1.0)
    - GTMSessionFetcher/Core (~> 1.1)
  - GTMAppAuth (1.3.1):
    - AppAuth/Core (~> 1.6)
    - GTMSessionFetcher/Core (< 3.0, >= 1.5)
  - GTMSessionFetcher/Core (1.7.2)
  - libevent (2.1.12)
  - OpenSSL-Universal (1.1.1100)
  - Permission-Camera (3.6.1):
    - RNPermissions
  - Permission-PhotoLibrary (3.6.1):
    - RNPermissions
  - Picker (4.3.7):
    - Picker/Core (= 4.3.7)
  - Picker/Core (4.3.7):
    - React
  - RCT-Folly (2021.06.28.00-v2):
    - boost
    - DoubleConversion
    - fmt (~> 6.2.1)
    - glog
    - RCT-Folly/Default (= 2021.06.28.00-v2)
  - RCT-Folly/Default (2021.06.28.00-v2):
    - boost
    - DoubleConversion
    - fmt (~> 6.2.1)
    - glog
  - RCTRequired (0.68.6)
  - RCTTypeSafety (0.68.6):
    - FBLazyVector (= 0.68.6)
    - RCT-Folly (= 2021.06.28.00-v2)
    - RCTRequired (= 0.68.6)
    - React-Core (= 0.68.6)
  - React (0.68.6):
    - React-Core (= 0.68.6)
    - React-Core/DevSupport (= 0.68.6)
    - React-Core/RCTWebSocket (= 0.68.6)
    - React-RCTActionSheet (= 0.68.6)
    - React-RCTAnimation (= 0.68.6)
    - React-RCTBlob (= 0.68.6)
    - React-RCTImage (= 0.68.6)
    - React-RCTLinking (= 0.68.6)
    - React-RCTNetwork (= 0.68.6)
    - React-RCTSettings (= 0.68.6)
    - React-RCTText (= 0.68.6)
    - React-RCTVibration (= 0.68.6)
  - React-callinvoker (0.68.6)
  - React-Codegen (0.68.6):
    - FBReactNativeSpec (= 0.68.6)
    - RCT-Folly (= 2021.06.28.00-v2)
    - RCTRequired (= 0.68.6)
    - RCTTypeSafety (= 0.68.6)
    - React-Core (= 0.68.6)
    - React-jsi (= 0.68.6)
    - React-jsiexecutor (= 0.68.6)
    - ReactCommon/turbomodule/core (= 0.68.6)
  - React-Core (0.68.6):
    - glog
    - RCT-Folly (= 2021.06.28.00-v2)
    - React-Core/Default (= 0.68.6)
    - React-cxxreact (= 0.68.6)
    - React-jsi (= 0.68.6)
    - React-jsiexecutor (= 0.68.6)
    - React-perflogger (= 0.68.6)
    - Yoga
  - React-Core/CoreModulesHeaders (0.68.6):
    - glog
    - RCT-Folly (= 2021.06.28.00-v2)
    - React-Core/Default
    - React-cxxreact (= 0.68.6)
    - React-jsi (= 0.68.6)
    - React-jsiexecutor (= 0.68.6)
    - React-perflogger (= 0.68.6)
    - Yoga
  - React-Core/Default (0.68.6):
    - glog
    - RCT-Folly (= 2021.06.28.00-v2)
    - React-cxxreact (= 0.68.6)
    - React-jsi (= 0.68.6)
    - React-jsiexecutor (= 0.68.6)
    - React-perflogger (= 0.68.6)
    - Yoga
  - React-Core/DevSupport (0.68.6):
    - glog
    - RCT-Folly (= 2021.06.28.00-v2)
    - React-Core/Default (= 0.68.6)
    - React-Core/RCTWebSocket (= 0.68.6)
    - React-cxxreact (= 0.68.6)
    - React-jsi (= 0.68.6)
    - React-jsiexecutor (= 0.68.6)
    - React-jsinspector (= 0.68.6)
    - React-perflogger (= 0.68.6)
    - Yoga
  - React-Core/RCTActionSheetHeaders (0.68.6):
    - glog
    - RCT-Folly (= 2021.06.28.00-v2)
    - React-Core/Default
    - React-cxxreact (= 0.68.6)
    - React-jsi (= 0.68.6)
    - React-jsiexecutor (= 0.68.6)
    - React-perflogger (= 0.68.6)
    - Yoga
  - React-Core/RCTAnimationHeaders (0.68.6):
    - glog
    - RCT-Folly (= 2021.06.28.00-v2)
    - React-Core/Default
    - React-cxxreact (= 0.68.6)
    - React-jsi (= 0.68.6)
    - React-jsiexecutor (= 0.68.6)
    - React-perflogger (= 0.68.6)
    - Yoga
  - React-Core/RCTBlobHeaders (0.68.6):
    - glog
    - RCT-Folly (= 2021.06.28.00-v2)
    - React-Core/Default
    - React-cxxreact (= 0.68.6)
    - React-jsi (= 0.68.6)
    - React-jsiexecutor (= 0.68.6)
    - React-perflogger (= 0.68.6)
    - Yoga
  - React-Core/RCTImageHeaders (0.68.6):
    - glog
    - RCT-Folly (= 2021.06.28.00-v2)
    - React-Core/Default
    - React-cxxreact (= 0.68.6)
    - React-jsi (= 0.68.6)
    - React-jsiexecutor (= 0.68.6)
    - React-perflogger (= 0.68.6)
    - Yoga
  - React-Core/RCTLinkingHeaders (0.68.6):
    - glog
    - RCT-Folly (= 2021.06.28.00-v2)
    - React-Core/Default
    - React-cxxreact (= 0.68.6)
    - React-jsi (= 0.68.6)
    - React-jsiexecutor (= 0.68.6)
    - React-perflogger (= 0.68.6)
    - Yoga
  - React-Core/RCTNetworkHeaders (0.68.6):
    - glog
    - RCT-Folly (= 2021.06.28.00-v2)
    - React-Core/Default
    - React-cxxreact (= 0.68.6)
    - React-jsi (= 0.68.6)
    - React-jsiexecutor (= 0.68.6)
    - React-perflogger (= 0.68.6)
    - Yoga
  - React-Core/RCTSettingsHeaders (0.68.6):
    - glog
    - RCT-Folly (= 2021.06.28.00-v2)
    - React-Core/Default
    - React-cxxreact (= 0.68.6)
    - React-jsi (= 0.68.6)
    - React-jsiexecutor (= 0.68.6)
    - React-perflogger (= 0.68.6)
    - Yoga
  - React-Core/RCTTextHeaders (0.68.6):
    - glog
    - RCT-Folly (= 2021.06.28.00-v2)
    - React-Core/Default
    - React-cxxreact (= 0.68.6)
    - React-jsi (= 0.68.6)
    - React-jsiexecutor (= 0.68.6)
    - React-perflogger (= 0.68.6)
    - Yoga
  - React-Core/RCTVibrationHeaders (0.68.6):
    - glog
    - RCT-Folly (= 2021.06.28.00-v2)
    - React-Core/Default
    - React-cxxreact (= 0.68.6)
    - React-jsi (= 0.68.6)
    - React-jsiexecutor (= 0.68.6)
    - React-perflogger (= 0.68.6)
    - Yoga
  - React-Core/RCTWebSocket (0.68.6):
    - glog
    - RCT-Folly (= 2021.06.28.00-v2)
    - React-Core/Default (= 0.68.6)
    - React-cxxreact (= 0.68.6)
    - React-jsi (= 0.68.6)
    - React-jsiexecutor (= 0.68.6)
    - React-perflogger (= 0.68.6)
    - Yoga
  - React-CoreModules (0.68.6):
    - RCT-Folly (= 2021.06.28.00-v2)
    - RCTTypeSafety (= 0.68.6)
    - React-Codegen (= 0.68.6)
    - React-Core/CoreModulesHeaders (= 0.68.6)
    - React-jsi (= 0.68.6)
    - React-RCTImage (= 0.68.6)
    - ReactCommon/turbomodule/core (= 0.68.6)
  - React-cxxreact (0.68.6):
    - boost (= 1.76.0)
    - DoubleConversion
    - glog
    - RCT-Folly (= 2021.06.28.00-v2)
    - React-callinvoker (= 0.68.6)
    - React-jsi (= 0.68.6)
    - React-jsinspector (= 0.68.6)
    - React-logger (= 0.68.6)
    - React-perflogger (= 0.68.6)
    - React-runtimeexecutor (= 0.68.6)
  - React-jsi (0.68.6):
    - boost (= 1.76.0)
    - DoubleConversion
    - glog
    - RCT-Folly (= 2021.06.28.00-v2)
    - React-jsi/Default (= 0.68.6)
  - React-jsi/Default (0.68.6):
    - boost (= 1.76.0)
    - DoubleConversion
    - glog
    - RCT-Folly (= 2021.06.28.00-v2)
  - React-jsiexecutor (0.68.6):
    - DoubleConversion
    - glog
    - RCT-Folly (= 2021.06.28.00-v2)
    - React-cxxreact (= 0.68.6)
    - React-jsi (= 0.68.6)
    - React-perflogger (= 0.68.6)
  - React-jsinspector (0.68.6)
  - React-logger (0.68.6):
    - glog
  - react-native-camera (4.2.1):
    - React-Core
    - react-native-camera/RCT (= 4.2.1)
    - react-native-camera/RN (= 4.2.1)
  - react-native-camera/RCT (4.2.1):
    - React-Core
  - react-native-camera/RN (4.2.1):
    - React-Core
  - react-native-date-picker (4.2.7):
    - React-Core
  - react-native-document-picker (5.2.0):
    - React-Core
  - react-native-fbsdk (3.0.0):
    - React
    - react-native-fbsdk/Core (= 3.0.0)
    - react-native-fbsdk/Login (= 3.0.0)
    - react-native-fbsdk/Share (= 3.0.0)
  - react-native-fbsdk/Core (3.0.0):
    - FBSDKCoreKit (~> 8.1)
    - React
  - react-native-fbsdk/Login (3.0.0):
    - FBSDKLoginKit (~> 8.1)
    - React
  - react-native-fbsdk/Share (3.0.0):
    - FBSDKShareKit (~> 8.1)
    - React
  - react-native-geolocation (3.0.5):
    - React-Core
  - react-native-geolocation-service (5.3.1):
    - React
  - react-native-image-picker (4.10.3):
    - React-Core
  - react-native-image-resizer (1.4.5):
    - React-Core
  - react-native-maps (0.28.1):
    - React-Core
  - react-native-netinfo (5.9.10):
    - React-Core
  - react-native-orientation (3.1.3):
    - React
  - react-native-pdf (6.6.2):
    - React-Core
  - react-native-progress-bar-android (1.0.5):
    - React
  - react-native-progress-view (1.3.2):
    - React-Core
  - react-native-restart (0.0.24):
    - React-Core
  - react-native-safe-area-context (3.4.1):
    - React-Core
  - react-native-splash-screen (3.3.0):
    - React-Core
  - react-native-video (5.2.1):
    - React-Core
    - react-native-video/Video (= 5.2.1)
  - react-native-video-helper (1.5.0):
    - React
  - react-native-video/Video (5.2.1):
    - React-Core
  - react-native-webview (11.26.1):
    - React-Core
  - React-perflogger (0.68.6)
  - React-RCTActionSheet (0.68.6):
    - React-Core/RCTActionSheetHeaders (= 0.68.6)
  - React-RCTAnimation (0.68.6):
    - RCT-Folly (= 2021.06.28.00-v2)
    - RCTTypeSafety (= 0.68.6)
    - React-Codegen (= 0.68.6)
    - React-Core/RCTAnimationHeaders (= 0.68.6)
    - React-jsi (= 0.68.6)
    - ReactCommon/turbomodule/core (= 0.68.6)
  - React-RCTBlob (0.68.6):
    - RCT-Folly (= 2021.06.28.00-v2)
    - React-Codegen (= 0.68.6)
    - React-Core/RCTBlobHeaders (= 0.68.6)
    - React-Core/RCTWebSocket (= 0.68.6)
    - React-jsi (= 0.68.6)
    - React-RCTNetwork (= 0.68.6)
    - ReactCommon/turbomodule/core (= 0.68.6)
  - React-RCTImage (0.68.6):
    - RCT-Folly (= 2021.06.28.00-v2)
    - RCTTypeSafety (= 0.68.6)
    - React-Codegen (= 0.68.6)
    - React-Core/RCTImageHeaders (= 0.68.6)
    - React-jsi (= 0.68.6)
    - React-RCTNetwork (= 0.68.6)
    - ReactCommon/turbomodule/core (= 0.68.6)
  - React-RCTLinking (0.68.6):
    - React-Codegen (= 0.68.6)
    - React-Core/RCTLinkingHeaders (= 0.68.6)
    - React-jsi (= 0.68.6)
    - ReactCommon/turbomodule/core (= 0.68.6)
  - React-RCTNetwork (0.68.6):
    - RCT-Folly (= 2021.06.28.00-v2)
    - RCTTypeSafety (= 0.68.6)
    - React-Codegen (= 0.68.6)
    - React-Core/RCTNetworkHeaders (= 0.68.6)
    - React-jsi (= 0.68.6)
    - ReactCommon/turbomodule/core (= 0.68.6)
  - React-RCTSettings (0.68.6):
    - RCT-Folly (= 2021.06.28.00-v2)
    - RCTTypeSafety (= 0.68.6)
    - React-Codegen (= 0.68.6)
    - React-Core/RCTSettingsHeaders (= 0.68.6)
    - React-jsi (= 0.68.6)
    - ReactCommon/turbomodule/core (= 0.68.6)
  - React-RCTText (0.68.6):
    - React-Core/RCTTextHeaders (= 0.68.6)
  - React-RCTVibration (0.68.6):
    - RCT-Folly (= 2021.06.28.00-v2)
    - React-Codegen (= 0.68.6)
    - React-Core/RCTVibrationHeaders (= 0.68.6)
    - React-jsi (= 0.68.6)
    - ReactCommon/turbomodule/core (= 0.68.6)
  - React-runtimeexecutor (0.68.6):
    - React-jsi (= 0.68.6)
  - ReactCommon/turbomodule/core (0.68.6):
    - DoubleConversion
    - glog
    - RCT-Folly (= 2021.06.28.00-v2)
    - React-callinvoker (= 0.68.6)
    - React-Core (= 0.68.6)
    - React-cxxreact (= 0.68.6)
    - React-jsi (= 0.68.6)
    - React-logger (= 0.68.6)
    - React-perflogger (= 0.68.6)
  - ReactNativeART (1.2.0):
    - React
  - rn-fetch-blob (0.12.0):
    - React-Core
  - RNCAsyncStorage (1.17.11):
    - React-Core
  - RNCClipboard (1.5.1):
    - React-Core
  - RNCMaskedView (0.1.11):
    - React
  - RNCPicker (1.16.8):
    - React-Core
  - RNDateTimePicker (3.5.2):
    - React-Core
  - RNDeviceInfo (8.7.1):
    - React-Core
  - RNFS (2.20.0):
    - React-Core
  - RNGestureHandler (1.10.3):
    - React-Core
  - RNGoogleSignin (2.1.1):
    - GoogleSignIn (~> 5.0.0)
    - React
  - RNI18n (2.0.15):
    - React
  - RNImageCropPicker (0.36.4):
    - React-Core
    - React-RCTImage
    - RNImageCropPicker/QBImagePickerController (= 0.36.4)
    - TOCropViewController
  - RNImageCropPicker/QBImagePickerController (0.36.4):
    - React-Core
    - React-RCTImage
    - TOCropViewController
  - RNPermissions (3.6.1):
    - React-Core
  - RNReanimated (2.14.4):
    - DoubleConversion
    - FBLazyVector
    - FBReactNativeSpec
    - glog
    - RCT-Folly
    - RCTRequired
    - RCTTypeSafety
    - React-callinvoker
    - React-Core
    - React-Core/DevSupport
    - React-Core/RCTWebSocket
    - React-CoreModules
    - React-cxxreact
    - React-jsi
    - React-jsiexecutor
    - React-jsinspector
    - React-RCTActionSheet
    - React-RCTAnimation
    - React-RCTBlob
    - React-RCTImage
    - React-RCTLinking
    - React-RCTNetwork
    - React-RCTSettings
    - React-RCTText
    - ReactCommon/turbomodule/core
    - Yoga
  - RNScreens (2.18.1):
    - React-Core
  - RNSVG (13.8.0):
    - React-Core
  - RNVectorIcons (8.1.0):
    - React-Core
  - SocketRocket (0.6.0)
  - TOCropViewController (2.6.1)
  - Yoga (1.14.0)
  - YogaKit (1.18.1):
    - Yoga (~> 1.14)

DEPENDENCIES:
  - boost (from `../node_modules/react-native/third-party-podspecs/boost.podspec`)
  - DoubleConversion (from `../node_modules/react-native/third-party-podspecs/DoubleConversion.podspec`)
  - FBLazyVector (from `../node_modules/react-native/Libraries/FBLazyVector`)
  - FBReactNativeSpec (from `../node_modules/react-native/React/FBReactNativeSpec`)
  - Flipper (= 0.125.0)
  - Flipper-Boost-iOSX (= 1.76.0.1.11)
  - Flipper-DoubleConversion (= 1.1.7)
  - Flipper-Fmt (= 7.1.7)
  - Flipper-Folly (= 2.6.10)
  - Flipper-Glog (= 0.5.0.4)
  - Flipper-PeerTalk (= 0.0.4)
  - Flipper-RSocket (= 1.4.3)
  - FlipperKit (= 0.125.0)
  - FlipperKit/Core (= 0.125.0)
  - FlipperKit/CppBridge (= 0.125.0)
  - FlipperKit/FBCxxFollyDynamicConvert (= 0.125.0)
  - FlipperKit/FBDefines (= 0.125.0)
  - FlipperKit/FKPortForwarding (= 0.125.0)
  - FlipperKit/FlipperKitHighlightOverlay (= 0.125.0)
  - FlipperKit/FlipperKitLayoutPlugin (= 0.125.0)
  - FlipperKit/FlipperKitLayoutTextSearchable (= 0.125.0)
  - FlipperKit/FlipperKitNetworkPlugin (= 0.125.0)
  - FlipperKit/FlipperKitReactPlugin (= 0.125.0)
  - FlipperKit/FlipperKitUserDefaultsPlugin (= 0.125.0)
  - FlipperKit/SKIOSNetworkPlugin (= 0.125.0)
  - glog (from `../node_modules/react-native/third-party-podspecs/glog.podspec`)
  - OpenSSL-Universal (= 1.1.1100)
  - Permission-Camera (from `../node_modules/react-native-permissions/ios/Camera`)
  - Permission-PhotoLibrary (from `../node_modules/react-native-permissions/ios/PhotoLibrary`)
  - Picker (from `../node_modules/react-native-picker`)
  - RCT-Folly (from `../node_modules/react-native/third-party-podspecs/RCT-Folly.podspec`)
  - RCTRequired (from `../node_modules/react-native/Libraries/RCTRequired`)
  - RCTTypeSafety (from `../node_modules/react-native/Libraries/TypeSafety`)
  - React (from `../node_modules/react-native/`)
  - React-callinvoker (from `../node_modules/react-native/ReactCommon/callinvoker`)
  - React-Codegen (from `build/generated/ios`)
  - React-Core (from `../node_modules/react-native/`)
  - React-Core/DevSupport (from `../node_modules/react-native/`)
  - React-Core/RCTWebSocket (from `../node_modules/react-native/`)
  - React-CoreModules (from `../node_modules/react-native/React/CoreModules`)
  - React-cxxreact (from `../node_modules/react-native/ReactCommon/cxxreact`)
  - React-jsi (from `../node_modules/react-native/ReactCommon/jsi`)
  - React-jsiexecutor (from `../node_modules/react-native/ReactCommon/jsiexecutor`)
  - React-jsinspector (from `../node_modules/react-native/ReactCommon/jsinspector`)
  - React-logger (from `../node_modules/react-native/ReactCommon/logger`)
  - react-native-camera (from `../node_modules/react-native-camera`)
  - react-native-date-picker (from `../node_modules/react-native-date-picker`)
  - react-native-document-picker (from `../node_modules/react-native-document-picker`)
  - react-native-fbsdk (from `../node_modules/react-native-fbsdk`)
  - "react-native-geolocation (from `../node_modules/@react-native-community/geolocation`)"
  - react-native-geolocation-service (from `../node_modules/react-native-geolocation-service`)
  - react-native-image-picker (from `../node_modules/react-native-image-picker`)
  - react-native-image-resizer (from `../node_modules/react-native-image-resizer`)
  - react-native-maps (from `../node_modules/react-native-maps`)
  - "react-native-netinfo (from `../node_modules/@react-native-community/netinfo`)"
  - react-native-orientation (from `../node_modules/react-native-orientation`)
  - react-native-pdf (from `../node_modules/react-native-pdf`)
  - "react-native-progress-bar-android (from `../node_modules/@react-native-community/progress-bar-android`)"
  - "react-native-progress-view (from `../node_modules/@react-native-community/progress-view`)"
  - react-native-restart (from `../node_modules/react-native-restart`)
  - react-native-safe-area-context (from `../node_modules/react-native-safe-area-context`)
  - react-native-splash-screen (from `../node_modules/react-native-splash-screen`)
  - react-native-video (from `../node_modules/react-native-video`)
  - react-native-video-helper (from `../node_modules/react-native-video-helper`)
  - react-native-webview (from `../node_modules/react-native-webview`)
  - React-perflogger (from `../node_modules/react-native/ReactCommon/reactperflogger`)
  - React-RCTActionSheet (from `../node_modules/react-native/Libraries/ActionSheetIOS`)
  - React-RCTAnimation (from `../node_modules/react-native/Libraries/NativeAnimation`)
  - React-RCTBlob (from `../node_modules/react-native/Libraries/Blob`)
  - React-RCTImage (from `../node_modules/react-native/Libraries/Image`)
  - React-RCTLinking (from `../node_modules/react-native/Libraries/LinkingIOS`)
  - React-RCTNetwork (from `../node_modules/react-native/Libraries/Network`)
  - React-RCTSettings (from `../node_modules/react-native/Libraries/Settings`)
  - React-RCTText (from `../node_modules/react-native/Libraries/Text`)
  - React-RCTVibration (from `../node_modules/react-native/Libraries/Vibration`)
  - React-runtimeexecutor (from `../node_modules/react-native/ReactCommon/runtimeexecutor`)
  - ReactCommon/turbomodule/core (from `../node_modules/react-native/ReactCommon`)
  - "ReactNativeART (from `../node_modules/@react-native-community/art`)"
  - rn-fetch-blob (from `../node_modules/rn-fetch-blob`)
  - "RNCAsyncStorage (from `../node_modules/@react-native-async-storage/async-storage`)"
  - "RNCClipboard (from `../node_modules/@react-native-community/clipboard`)"
  - "RNCMaskedView (from `../node_modules/@react-native-community/masked-view`)"
  - "RNCPicker (from `../node_modules/@react-native-picker/picker`)"
  - "RNDateTimePicker (from `../node_modules/@react-native-community/datetimepicker`)"
  - RNDeviceInfo (from `../node_modules/react-native-device-info`)
  - RNFS (from `../node_modules/react-native-fs`)
  - RNGestureHandler (from `../node_modules/react-native-gesture-handler`)
  - RNGoogleSignin (from `../node_modules/react-native-google-signin`)
  - RNI18n (from `../node_modules/react-native-i18n`)
  - RNImageCropPicker (from `../node_modules/react-native-image-crop-picker`)
  - RNPermissions (from `../node_modules/react-native-permissions`)
  - RNReanimated (from `../node_modules/react-native-reanimated`)
  - RNScreens (from `../node_modules/react-native-screens`)
  - RNSVG (from `../node_modules/react-native-svg`)
  - RNVectorIcons (from `../node_modules/react-native-vector-icons`)
  - Yoga (from `../node_modules/react-native/ReactCommon/yoga`)

SPEC REPOS:
  trunk:
    - AppAuth
    - CocoaAsyncSocket
    - FBSDKCoreKit
    - FBSDKLoginKit
    - FBSDKShareKit
    - Flipper
    - Flipper-Boost-iOSX
    - Flipper-DoubleConversion
    - Flipper-Fmt
    - Flipper-Folly
    - Flipper-Glog
    - Flipper-PeerTalk
    - Flipper-RSocket
    - FlipperKit
    - fmt
    - GoogleSignIn
    - GTMAppAuth
    - GTMSessionFetcher
    - libevent
    - OpenSSL-Universal
    - SocketRocket
    - TOCropViewController
    - YogaKit

EXTERNAL SOURCES:
  boost:
    :podspec: "../node_modules/react-native/third-party-podspecs/boost.podspec"
  DoubleConversion:
    :podspec: "../node_modules/react-native/third-party-podspecs/DoubleConversion.podspec"
  FBLazyVector:
    :path: "../node_modules/react-native/Libraries/FBLazyVector"
  FBReactNativeSpec:
    :path: "../node_modules/react-native/React/FBReactNativeSpec"
  glog:
    :podspec: "../node_modules/react-native/third-party-podspecs/glog.podspec"
  Permission-Camera:
    :path: "../node_modules/react-native-permissions/ios/Camera"
  Permission-PhotoLibrary:
    :path: "../node_modules/react-native-permissions/ios/PhotoLibrary"
  Picker:
    :path: "../node_modules/react-native-picker"
  RCT-Folly:
    :podspec: "../node_modules/react-native/third-party-podspecs/RCT-Folly.podspec"
  RCTRequired:
    :path: "../node_modules/react-native/Libraries/RCTRequired"
  RCTTypeSafety:
    :path: "../node_modules/react-native/Libraries/TypeSafety"
  React:
    :path: "../node_modules/react-native/"
  React-callinvoker:
    :path: "../node_modules/react-native/ReactCommon/callinvoker"
  React-Codegen:
    :path: build/generated/ios
  React-Core:
    :path: "../node_modules/react-native/"
  React-CoreModules:
    :path: "../node_modules/react-native/React/CoreModules"
  React-cxxreact:
    :path: "../node_modules/react-native/ReactCommon/cxxreact"
  React-jsi:
    :path: "../node_modules/react-native/ReactCommon/jsi"
  React-jsiexecutor:
    :path: "../node_modules/react-native/ReactCommon/jsiexecutor"
  React-jsinspector:
    :path: "../node_modules/react-native/ReactCommon/jsinspector"
  React-logger:
    :path: "../node_modules/react-native/ReactCommon/logger"
  react-native-camera:
    :path: "../node_modules/react-native-camera"
  react-native-date-picker:
    :path: "../node_modules/react-native-date-picker"
  react-native-document-picker:
    :path: "../node_modules/react-native-document-picker"
  react-native-fbsdk:
    :path: "../node_modules/react-native-fbsdk"
  react-native-geolocation:
    :path: "../node_modules/@react-native-community/geolocation"
  react-native-geolocation-service:
    :path: "../node_modules/react-native-geolocation-service"
  react-native-image-picker:
    :path: "../node_modules/react-native-image-picker"
  react-native-image-resizer:
    :path: "../node_modules/react-native-image-resizer"
  react-native-maps:
    :path: "../node_modules/react-native-maps"
  react-native-netinfo:
    :path: "../node_modules/@react-native-community/netinfo"
  react-native-orientation:
    :path: "../node_modules/react-native-orientation"
  react-native-pdf:
    :path: "../node_modules/react-native-pdf"
  react-native-progress-bar-android:
    :path: "../node_modules/@react-native-community/progress-bar-android"
  react-native-progress-view:
    :path: "../node_modules/@react-native-community/progress-view"
  react-native-restart:
    :path: "../node_modules/react-native-restart"
  react-native-safe-area-context:
    :path: "../node_modules/react-native-safe-area-context"
  react-native-splash-screen:
    :path: "../node_modules/react-native-splash-screen"
  react-native-video:
    :path: "../node_modules/react-native-video"
  react-native-video-helper:
    :path: "../node_modules/react-native-video-helper"
  react-native-webview:
    :path: "../node_modules/react-native-webview"
  React-perflogger:
    :path: "../node_modules/react-native/ReactCommon/reactperflogger"
  React-RCTActionSheet:
    :path: "../node_modules/react-native/Libraries/ActionSheetIOS"
  React-RCTAnimation:
    :path: "../node_modules/react-native/Libraries/NativeAnimation"
  React-RCTBlob:
    :path: "../node_modules/react-native/Libraries/Blob"
  React-RCTImage:
    :path: "../node_modules/react-native/Libraries/Image"
  React-RCTLinking:
    :path: "../node_modules/react-native/Libraries/LinkingIOS"
  React-RCTNetwork:
    :path: "../node_modules/react-native/Libraries/Network"
  React-RCTSettings:
    :path: "../node_modules/react-native/Libraries/Settings"
  React-RCTText:
    :path: "../node_modules/react-native/Libraries/Text"
  React-RCTVibration:
    :path: "../node_modules/react-native/Libraries/Vibration"
  React-runtimeexecutor:
    :path: "../node_modules/react-native/ReactCommon/runtimeexecutor"
  ReactCommon:
    :path: "../node_modules/react-native/ReactCommon"
  ReactNativeART:
    :path: "../node_modules/@react-native-community/art"
  rn-fetch-blob:
    :path: "../node_modules/rn-fetch-blob"
  RNCAsyncStorage:
    :path: "../node_modules/@react-native-async-storage/async-storage"
  RNCClipboard:
    :path: "../node_modules/@react-native-community/clipboard"
  RNCMaskedView:
    :path: "../node_modules/@react-native-community/masked-view"
  RNCPicker:
    :path: "../node_modules/@react-native-picker/picker"
  RNDateTimePicker:
    :path: "../node_modules/@react-native-community/datetimepicker"
  RNDeviceInfo:
    :path: "../node_modules/react-native-device-info"
  RNFS:
    :path: "../node_modules/react-native-fs"
  RNGestureHandler:
    :path: "../node_modules/react-native-gesture-handler"
  RNGoogleSignin:
    :path: "../node_modules/react-native-google-signin"
  RNI18n:
    :path: "../node_modules/react-native-i18n"
  RNImageCropPicker:
    :path: "../node_modules/react-native-image-crop-picker"
  RNPermissions:
    :path: "../node_modules/react-native-permissions"
  RNReanimated:
    :path: "../node_modules/react-native-reanimated"
  RNScreens:
    :path: "../node_modules/react-native-screens"
  RNSVG:
    :path: "../node_modules/react-native-svg"
  RNVectorIcons:
    :path: "../node_modules/react-native-vector-icons"
  Yoga:
    :path: "../node_modules/react-native/ReactCommon/yoga"

SPEC CHECKSUMS:
  AppAuth: 8fca6b5563a5baef2c04bee27538025e4ceb2add
  boost: a7c83b31436843459a1961bfd74b96033dc77234
  CocoaAsyncSocket: 065fd1e645c7abab64f7a6a2007a48038fdc6a99
  DoubleConversion: 831926d9b8bf8166fd87886c4abab286c2422662
  FBLazyVector: 74b042924fe14da854ac4e87cefc417f583b22b1
  FBReactNativeSpec: cc0037b9914b9b1d92a15f179bc3e2e2c7cc0c6f
  FBSDKCoreKit: 4afd6ff53d8133a433dbcda44451c9498f8c6ce4
  FBSDKLoginKit: 7181765f2524d7ebf82d9629066c8e6caafc99d0
  FBSDKShareKit: 0c0d51b3af47075a85ed9bea0e28b2fc70e3594b
  Flipper: 26fc4b7382499f1281eb8cb921e5c3ad6de91fe0
  Flipper-Boost-iOSX: fd1e2b8cbef7e662a122412d7ac5f5bea715403c
  Flipper-DoubleConversion: 38631e41ef4f9b12861c67d17cb5518d06badc41
  Flipper-Fmt: 60cbdd92fc254826e61d669a5d87ef7015396a9b
  Flipper-Folly: 584845625005ff068a6ebf41f857f468decd26b3
  Flipper-Glog: 87bc98ff48de90cb5b0b5114ed3da79d85ee2dd4
  Flipper-PeerTalk: 116d8f857dc6ef55c7a5a75ea3ceaafe878aadc9
  Flipper-RSocket: d9d9ade67cbecf6ac10730304bf5607266dd2541
  FlipperKit: cbdee19bdd4e7f05472a66ce290f1b729ba3cb86
  fmt: ff9d55029c625d3757ed641535fd4a75fedc7ce9
  glog: 476ee3e89abb49e07f822b48323c51c57124b572
  GoogleSignIn: 7137d297ddc022a7e0aa4619c86d72c909fa7213
  GTMAppAuth: 0ff230db599948a9ad7470ca667337803b3fc4dd
  GTMSessionFetcher: 5595ec75acf5be50814f81e9189490412bad82ba
  libevent: 4049cae6c81cdb3654a443be001fb9bdceff7913
  OpenSSL-Universal: ebc357f1e6bc71fa463ccb2fe676756aff50e88c
  Permission-Camera: bf6791b17c7f614b6826019fcfdcc286d3a107f6
  Permission-PhotoLibrary: 5b34ca67279f7201ae109cef36f9806a6596002d
  Picker: 37554355aef82a532ea95b71b6eeba66bc86182b
  RCT-Folly: 4d8508a426467c48885f1151029bc15fa5d7b3b8
  RCTRequired: 92cbd71369a2de6add25fd2403ac39838f1b694f
  RCTTypeSafety: 494e8af41d7410ed0b877210859ee3984f37e6b4
  React: 59989499c0e8926a90d34a9ae0bdb2d1b5b53406
  React-callinvoker: 8187db1c71cf2c1c66e8f7328a0cf77a2b255d94
  React-Codegen: e806dc2f10ddae645d855cb58acf73ce41eb8ea5
  React-Core: fc7339b493e368ae079850a4721bdf716cf3dba2
  React-CoreModules: 2f54f6bbf2764044379332089fcbdaf79197021e
  React-cxxreact: ee119270006794976e1ab271f0111a5a88b16bcf
  React-jsi: ec691b2a475d13b1fd39f697145a526eeeb6661c
  React-jsiexecutor: b4ce4afc5dd9c8fdd2ac59049ccf420f288ecef7
  React-jsinspector: e396d5e56af08fce39f50571726b68a40f1e302d
  React-logger: cec52b3f8fb0be0d47b2cb75dec69de60f2de3b6
  react-native-camera: 3eae183c1d111103963f3dd913b65d01aef8110f
  react-native-date-picker: de81ee8598c20b6f05b2f6d470d9bee24131fe15
  react-native-document-picker: f1b5398801b332c77bc62ae0eae2116f49bdff26
  react-native-fbsdk: 8e92c7a334fd8d9c2b5d8b8fcd7ae2c314161099
  react-native-geolocation: 7383cbe9fa75b168bbbe40b566070fd0b44d30d6
  react-native-geolocation-service: 608e1da71a1ac31b4de64d9ef2815f697978c55b
  react-native-image-picker: 60f4246eb5bb7187fc15638a8c1f13abd3820695
  react-native-image-resizer: d9fb629a867335bdc13230ac2a58702bb8c8828f
  react-native-maps: 60a75aa547d576fdb91be1f95113665215b59461
  react-native-netinfo: 30fb89fa913c342be82a887b56e96be6d71201dd
  react-native-orientation: f1caf84d65f1a4fd4511a18f2b924e634ad7a628
  react-native-pdf: 33c622cbdf776a649929e8b9d1ce2d313347c4fa
  react-native-progress-bar-android: 092e6a794f158642692f25c8839d9aa8eb779afb
  react-native-progress-view: 4d3bbe6a099ba027b1fedb1548c2c87f74249b70
  react-native-restart: 45c8dca02491980f2958595333cbccd6877cb57e
  react-native-safe-area-context: 9e40fb181dac02619414ba1294d6c2a807056ab9
  react-native-splash-screen: 4312f786b13a81b5169ef346d76d33bc0c6dc457
  react-native-video: c26780b224543c62d5e1b2a7244a5cd1b50e8253
  react-native-video-helper: f5e1ccf46c0a1436c2b3c3891feeada00cf0d4fe
  react-native-webview: 9f111dfbcfc826084d6c507f569e5e03342ee1c1
  React-perflogger: 46620fc6d1c3157b60ed28434e08f7fd7f3f3353
  React-RCTActionSheet: b1f7e72a0ba760ec684df335c61f730b5179f5ff
  React-RCTAnimation: d73b62d42867ab608dfb10e100d8b91106275b18
  React-RCTBlob: b5f59693721d50967c35598158e6ca01b474c7de
  React-RCTImage: 37cf34d0c2fbef2e0278d42a7c5e8ea06a9fed6b
  React-RCTLinking: a11dced20019cf1c2ec7fd120f18b08f2851f79e
  React-RCTNetwork: ba097188e5eac42e070029e7cedd9b978940833a
  React-RCTSettings: 147073708a1c1bde521cf3af045a675682772726
  React-RCTText: 23f76ebfb2717d181476432e5ecf1c6c4a104c5e
  React-RCTVibration: be5f18ffc644f96f904e0e673ab639ca5d673ee8
  React-runtimeexecutor: d5498cfb7059bf8397b6416db4777843f3f4c1e7
  ReactCommon: 1974dab5108c79b40199f12a4833d2499b9f6303
  ReactNativeART: 78edc68dd4a1e675338cd0cd113319cf3a65f2ab
  rn-fetch-blob: f065bb7ab7fb48dd002629f8bdcb0336602d3cba
  RNCAsyncStorage: 8616bd5a58af409453ea4e1b246521bb76578d60
  RNCClipboard: 41d8d918092ae8e676f18adada19104fa3e68495
  RNCMaskedView: 0e1bc4bfa8365eba5fbbb71e07fbdc0555249489
  RNCPicker: 0991c56da7815c0cf946d6f63cf920b25296e5f6
  RNDateTimePicker: 7658208086d86d09e1627b5c34ba0cf237c60140
  RNDeviceInfo: aad3c663b25752a52bf8fce93f2354001dd185aa
  RNFS: 4ac0f0ea233904cb798630b3c077808c06931688
  RNGestureHandler: a479ebd5ed4221a810967000735517df0d2db211
  RNGoogleSignin: 6baed9bb19c9c54614bef63bdc55c381b4e33c44
  RNI18n: e2f7e76389fcc6e84f2c8733ea89b92502351fd8
  RNImageCropPicker: 73891a709e6fd8a47d32104d942757971f220aee
  RNPermissions: dcdb7b99796bbeda6975a6e79ad519c41b251b1c
  RNReanimated: 73afd1a9b4087e403163e0d300854cb99260c9b6
  RNScreens: f7ad633b2e0190b77b6a7aab7f914fad6f198d8d
  RNSVG: c1e76b81c76cdcd34b4e1188852892dc280eb902
  RNVectorIcons: 31cebfcf94e8cf8686eb5303ae0357da64d7a5a4
  SocketRocket: fccef3f9c5cedea1353a9ef6ada904fde10d6608
  TOCropViewController: edfd4f25713d56905ad1e0b9f5be3fbe0f59c863
  Yoga: 7929b92b1828675c1bebeb114dae8cb8fa7ef6a3
  YogaKit: f782866e155069a2cca2517aafea43200b01fd5a

PODFILE CHECKSUM: 04f663b0687e3ea107f2ac4ddc59b294d392e026

COCOAPODS: 1.11.3
